
Microsoft Visual Studio Solution File, Format Version 12.00
# Visual Studio Version 17
VisualStudioVersion = 17.4.33403.182
MinimumVisualStudioVersion = 10.0.40219.1
Project("{9A19103F-16F7-4668-BE54-9A1E7A4F7556}") = "MyHomework20", "MyHomework20\MyHomework20.csproj", "{E9BDBB99-2DBA-4D86-963B-B9BF87080ABF}"
EndProject
Project("{9A19103F-16F7-4668-BE54-9A1E7A4F7556}") = "ContactWebAPI", "ContactWebAPI\ContactWebAPI.csproj", "{C6C2BF6C-A1CB-4633-AE9E-14A7EFD7DAD0}"
EndProject
Project("{FAE04EC0-301F-11D3-BF4B-00C04F79EFBC}") = "ContactDesktop", "ContactDesktop\ContactDesktop.csproj", "{E3D25D22-E140-4AEC-B337-36AD07F635FE}"
EndProject
Project("{9A19103F-16F7-4668-BE54-9A1E7A4F7556}") = "ModelLibrary", "ModelLibrary\ModelLibrary.csproj", "{567C8C40-6DDB-431D-93A2-083FA98FDD68}"
EndProject
Global
	GlobalSection(SolutionConfigurationPlatforms) = preSolution
		Debug|Any CPU = Debug|Any CPU
		Release|Any CPU = Release|Any CPU
	EndGlobalSection
	GlobalSection(ProjectConfigurationPlatforms) = postSolution
		{E9BDBB99-2DBA-4D86-963B-B9BF87080ABF}.Debug|Any CPU.ActiveCfg = Debug|Any CPU
		{E9BDBB99-2DBA-4D86-963B-B9BF87080ABF}.Debug|Any CPU.Build.0 = Debug|Any CPU
		{E9BDBB99-2DBA-4D86-963B-B9BF87080ABF}.Release|Any CPU.ActiveCfg = Release|Any CPU
		{E9BDBB99-2DBA-4D86-963B-B9BF87080ABF}.Release|Any CPU.Build.0 = Release|Any CPU
		{C6C2BF6C-A1CB-4633-AE9E-14A7EFD7DAD0}.Debug|Any CPU.ActiveCfg = Debug|Any CPU
		{C6C2BF6C-A1CB-4633-AE9E-14A7EFD7DAD0}.Debug|Any CPU.Build.0 = Debug|Any CPU
		{C6C2BF6C-A1CB-4633-AE9E-14A7EFD7DAD0}.Release|Any CPU.ActiveCfg = Release|Any CPU
		{C6C2BF6C-A1CB-4633-AE9E-14A7EFD7DAD0}.Release|Any CPU.Build.0 = Release|Any CPU
		{E3D25D22-E140-4AEC-B337-36AD07F635FE}.Debug|Any CPU.ActiveCfg = Debug|Any CPU
		{E3D25D22-E140-4AEC-B337-36AD07F635FE}.Debug|Any CPU.Build.0 = Debug|Any CPU
		{E3D25D22-E140-4AEC-B337-36AD07F635FE}.Release|Any CPU.ActiveCfg = Release|Any CPU
		{E3D25D22-E140-4AEC-B337-36AD07F635FE}.Release|Any CPU.Build.0 = Release|Any CPU
		{567C8C40-6DDB-431D-93A2-083FA98FDD68}.Debug|Any CPU.ActiveCfg = Debug|Any CPU
		{567C8C40-6DDB-431D-93A2-083FA98FDD68}.Debug|Any CPU.Build.0 = Debug|Any CPU
		{567C8C40-6DDB-431D-93A2-083FA98FDD68}.Release|Any CPU.ActiveCfg = Release|Any CPU
		{567C8C40-6DDB-431D-93A2-083FA98FDD68}.Release|Any CPU.Build.0 = Release|Any CPU
	EndGlobalSection
	GlobalSection(SolutionProperties) = preSolution
		HideSolutionNode = FALSE
	EndGlobalSection
	GlobalSection(ExtensibilityGlobals) = postSolution
		SolutionGuid = {5633900F-3B53-4B6F-B9C5-80B8C0F0BBBA}
	EndGlobalSection
EndGlobal
